// !$*UTF8*$!
{
	archiveVersion = 1;
	classes = {
	};
	objectVersion = 46;
	objects = {

/* Begin PBXBuildFile section */
		36E4CD81163F31EC00974F49 /* Foundation.framework in Frameworks */ = {isa = PBXBuildFile; fileRef = 36E4CD80163F31EC00974F49 /* Foundation.framework */; };
		36E4CD86163F31EC00974F49 /* OBConnections.h in CopyFiles */ = {isa = PBXBuildFile; fileRef = 36E4CD85163F31EC00974F49 /* OBConnections.h */; };
		36E4CD88163F31EC00974F49 /* OBConnections.m in Sources */ = {isa = PBXBuildFile; fileRef = 36E4CD87163F31EC00974F49 /* OBConnections.m */; };
/* End PBXBuildFile section */

/* Begin PBXCopyFilesBuildPhase section */
		36E4CD7B163F31EC00974F49 /* CopyFiles */ = {
			isa = PBXCopyFilesBuildPhase;
			buildActionMask = 2147483647;
			dstPath = "include/${PRODUCT_NAME}";
			dstSubfolderSpec = 16;
			files = (
				36E4CD86163F31EC00974F49 /* OBConnections.h in CopyFiles */,
			);
			runOnlyForDeploymentPostprocessing = 0;
		};
/* End PBXCopyFilesBuildPhase section */

/* Begin PBXFileReference section */
		36E4CD7D163F31EC00974F49 /* libOBConnections.a */ = {isa = PBXFileReference; explicitFileType = archive.ar; includeInIndex = 0; path = libOBConnections.a; sourceTree = BUILT_PRODUCTS_DIR; };
		36E4CD80163F31EC00974F49 /* Foundation.framework */ = {isa = PBXFileReference; lastKnownFileType = wrapper.framework; name = Foundation.framework; path = System/Library/Frameworks/Foundation.framework; sourceTree = SDKROOT; };
		36E4CD84163F31EC00974F49 /* OBConnections-Prefix.pch */ = {isa = PBXFileReference; lastKnownFileType = sourcecode.c.h; path = "OBConnections-Prefix.pch"; sourceTree = "<group>"; };
		36E4CD85163F31EC00974F49 /* OBConnections.h */ = {isa = PBXFileReference; lastKnownFileType = sourcecode.c.h; path = OBConnections.h; sourceTree = "<group>"; };
		36E4CD87163F31EC00974F49 /* OBConnections.m */ = {isa = PBXFileReference; lastKnownFileType = sourcecode.c.objc; path = OBConnections.m; sourceTree = "<group>"; };
/* End PBXFileReference section */

/* Begin PBXFrameworksBuildPhase section */
		36E4CD7A163F31EC00974F49 /* Frameworks */ = {
			isa = PBXFrameworksBuildPhase;
			buildActionMask = 2147483647;
			files = (
				36E4CD81163F31EC00974F49 /* Foundation.framework in Frameworks */,
			);
			runOnlyForDeploymentPostprocessing = 0;
		};
/* End PBXFrameworksBuildPhase section */

/* Begin PBXGroup section */
		36E4CD72163F31EC00974F49 = {
			isa = PBXGroup;
			children = (
				36E4CD82163F31EC00974F49 /* OBConnections */,
				36E4CD7F163F31EC00974F49 /* Frameworks */,
				36E4CD7E163F31EC00974F49 /* Products */,
			);
			sourceTree = "<group>";
		};
		36E4CD7E163F31EC00974F49 /* Products */ = {
			isa = PBXGroup;
			children = (
				36E4CD7D163F31EC00974F49 /* libOBConnections.a */,
			);
			name = Products;
			sourceTree = "<group>";
		};
		36E4CD7F163F31EC00974F49 /* Frameworks */ = {
			isa = PBXGroup;
			children = (
				36E4CD80163F31EC00974F49 /* Foundation.framework */,
			);
			name = Frameworks;
			sourceTree = "<group>";
		};
		36E4CD82163F31EC00974F49 /* OBConnections */ = {
			isa = PBXGroup;
			children = (
				36E4CD85163F31EC00974F49 /* OBConnections.h */,
				36E4CD87163F31EC00974F49 /* OBConnections.m */,
				36E4CD83163F31EC00974F49 /* Supporting Files */,
			);
			path = OBConnections;
			sourceTree = "<group>";
		};
		36E4CD83163F31EC00974F49 /* Supporting Files */ = {
			isa = PBXGroup;
			children = (
				36E4CD84163F31EC00974F49 /* OBConnections-Prefix.pch */,
			);
			name = "Supporting Files";
			sourceTree = "<group>";
		};
/* End PBXGroup section */

/* Begin PBXNativeTarget section */
		36E4CD7C163F31EC00974F49 /* OBConnections */ = {
			isa = PBXNativeTarget;
			buildConfigurationList = 36E4CD8B163F31EC00974F49 /* Build configuration list for PBXNativeTarget "OBConnections" */;
			buildPhases = (
				36E4CD79163F31EC00974F49 /* Sources */,
				36E4CD7A163F31EC00974F49 /* Frameworks */,
				36E4CD7B163F31EC00974F49 /* CopyFiles */,
			);
			buildRules = (
			);
			dependencies = (
			);
			name = OBConnections;
			productName = OBConnections;
			productReference = 36E4CD7D163F31EC00974F49 /* libOBConnections.a */;
			productType = "com.apple.product-type.library.static";
		};
/* End PBXNativeTarget section */

/* Begin PBXProject section */
		36E4CD74163F31EC00974F49 /* Project object */ = {
			isa = PBXProject;
			attributes = {
				LastUpgradeCheck = 0450;
				ORGANIZATIONNAME = OBConnections;
			};
			buildConfigurationList = 36E4CD77163F31EC00974F49 /* Build configuration list for PBXProject "OBConnections" */;
			compatibilityVersion = "Xcode 3.2";
			developmentRegion = English;
			hasScannedForEncodings = 0;
			knownRegions = (
				en,
			);
			mainGroup = 36E4CD72163F31EC00974F49;
			productRefGroup = 36E4CD7E163F31EC00974F49 /* Products */;
			projectDirPath = "";
			projectRoot = "";
			targets = (
				36E4CD7C163F31EC00974F49 /* OBConnections */,
			);
		};
/* End PBXProject section */

/* Begin PBXSourcesBuildPhase section */
		36E4CD79163F31EC00974F49 /* Sources */ = {
			isa = PBXSourcesBuildPhase;
			buildActionMask = 2147483647;
			files = (
				36E4CD88163F31EC00974F49 /* OBConnections.m in Sources */,
			);
			runOnlyForDeploymentPostprocessing = 0;
		};
/* End PBXSourcesBuildPhase section */

/* Begin XCBuildConfiguration section */
		36E4CD89163F31EC00974F49 /* Debug */ = {
			isa = XCBuildConfiguration;
			buildSettings = {
				ALWAYS_SEARCH_USER_PATHS = NO;
				CLANG_CXX_LANGUAGE_STANDARD = "gnu++0x";
				CLANG_CXX_LIBRARY = "libc++";
				CLANG_WARN_EMPTY_BODY = YES;
				CLANG_WARN__DUPLICATE_METHOD_MATCH = YES;
				COPY_PHASE_STRIP = NO;
				GCC_C_LANGUAGE_STANDARD = gnu99;
				GCC_DYNAMIC_NO_PIC = NO;
				GCC_OPTIMIZATION_LEVEL = 0;
				GCC_PREPROCESSOR_DEFINITIONS = (
					"DEBUG=1",
					"$(inherited)",
				);
				GCC_SYMBOLS_PRIVATE_EXTERN = NO;
				GCC_WARN_ABOUT_RETURN_TYPE = YES;
				GCC_WARN_UNINITIALIZED_AUTOS = YES;
				GCC_WARN_UNUSED_VARIABLE = YES;
				IPHONEOS_DEPLOYMENT_TARGET = 6.0;
				ONLY_ACTIVE_ARCH = YES;
				SDKROOT = iphoneos;
			};
			name = Debug;
		};
		36E4CD8A163F31EC00974F49 /* Release */ = {
			isa = XCBuildConfiguration;
			buildSettings = {
				ALWAYS_SEARCH_USER_PATHS = NO;
				CLANG_CXX_LANGUAGE_STANDARD = "gnu++0x";
				CLANG_CXX_LIBRARY = "libc++";
				CLANG_WARN_EMPTY_BODY = YES;
				CLANG_WARN__DUPLICATE_METHOD_MATCH = YES;
				COPY_PHASE_STRIP = YES;
				GCC_C_LANGUAGE_STANDARD = gnu99;
				GCC_WARN_ABOUT_RETURN_TYPE = YES;
				GCC_WARN_UNINITIALIZED_AUTOS = YES;
				GCC_WARN_UNUSED_VARIABLE = YES;
				IPHONEOS_DEPLOYMENT_TARGET = 6.0;
				SDKROOT = iphoneos;
				VALIDATE_PRODUCT = YES;
			};
			name = Release;
		};
		36E4CD8C163F31EC00974F49 /* Debug */ = {
			isa = XCBuildConfiguration;
			buildSettings = {
				DSTROOT = /tmp/OBConnections.dst;
				GCC_PRECOMPILE_PREFIX_HEADER = YES;
				GCC_PREFIX_HEADER = "OBConnections/OBConnections-Prefix.pch";
				OTHER_LDFLAGS = "-ObjC";
				PRODUCT_NAME = "$(TARGET_NAME)";
				SKIP_INSTALL = YES;
			};
			name = Debug;
		};
		36E4CD8D163F31EC00974F49 /* Release */ = {
			isa = XCBuildConfiguration;
			buildSettings = {
				DSTROOT = /tmp/OBConnections.dst;
				GCC_PRECOMPILE_PREFIX_HEADER = YES;
				GCC_PREFIX_HEADER = "OBConnections/OBConnections-Prefix.pch";
				OTHER_LDFLAGS = "-ObjC";
				PRODUCT_NAME = "$(TARGET_NAME)";
				SKIP_INSTALL = YES;
			};
			name = Release;
		};
/* End XCBuildConfiguration section */

/* Begin XCConfigurationList section */
		36E4CD77163F31EC00974F49 /* Build configuration list for PBXProject "OBConnections" */ = {
			isa = XCConfigurationList;
			buildConfigurations = (
				36E4CD89163F31EC00974F49 /* Debug */,
				36E4CD8A163F31EC00974F49 /* Release */,
			);
			defaultConfigurationIsVisible = 0;
			defaultConfigurationName = Release;
		};
		36E4CD8B163F31EC00974F49 /* Build configuration list for PBXNativeTarget "OBConnections" */ = {
			isa = XCConfigurationList;
			buildConfigurations = (
				36E4CD8C163F31EC00974F49 /* Debug */,
				36E4CD8D163F31EC00974F49 /* Release */,
			);
			defaultConfigurationIsVisible = 0;
		};
/* End XCConfigurationList section */
	};
	rootObject = 36E4CD74163F31EC00974F49 /* Project object */;
}
